{
  "+---------------------------------------------------+\n| :serial_work                                      |": [
    {
      "file": "README.md",
      "lines": [
        199,
        243
      ]
    }
  ],
  "class StrictlySerialJob\nextend Resque::Plugins::LonelyJob": [
    {
      "file": "README.md",
      "lines": [
        151,
        170,
        271
      ]
    }
  ],
  "strategy: merge\npreference: destination": [
    {
      "file": ".structuredmerge/kettle-jem.yml",
      "lines": [
        515,
        529
      ]
    }
  ],
  "| job 1       | job 2       | job 3       |         |\n+---------------------------------------------------+": [
    {
      "file": "README.md",
      "lines": [
        206,
        250
      ]
    }
  ]
}
