{
  "Rakefile:2832110540": [
    [167, 1, 16, "Rake/Desc: Describe the task with `desc` method.", 850263259]
  ],
  "resque-lonely_job.gemspec:4250795153": [
    [181, 3, 44, "Gemspec/DependencyVersion: Dependency version specification is required.", 1772526191],
    [183, 3, 41, "Gemspec/DependencyVersion: Dependency version specification is required.", 3258055162]
  ],
  "spec/lib/lonely_job_spec.rb:2693934952": [
    [25, 1, 35, "RSpec/SpecFilePathFormat: Spec path should end with `resque/plugins/lonely_job*_spec.rb`.", 1516950445],
    [36, 45, 3, "RSpec/BeEql: Prefer `be` over `eql`.", 193405885],
    [41, 45, 3, "RSpec/BeEql: Prefer `be` over `eql`.", 193405885],
    [47, 58, 3, "RSpec/BeEql: Prefer `be` over `eql`.", 193405885],
    [51, 58, 3, "RSpec/BeEql: Prefer `be` over `eql`.", 193405885],
    [52, 58, 3, "RSpec/BeEql: Prefer `be` over `eql`.", 193405885],
    [56, 58, 3, "RSpec/BeEql: Prefer `be` over `eql`.", 193405885],
    [58, 60, 3, "RSpec/BeEql: Prefer `be` over `eql`.", 193405885],
    [63, 58, 3, "RSpec/BeEql: Prefer `be` over `eql`.", 193405885],
    [66, 60, 3, "RSpec/BeEql: Prefer `be` over `eql`.", 193405885],
    [71, 58, 3, "RSpec/BeEql: Prefer `be` over `eql`.", 193405885],
    [75, 11, 10, "ThreadSafety/NewThread: Avoid starting new threads.", 3411682361],
    [85, 38, 3, "RSpec/BeEql: Prefer `be` over `eql`.", 193405885],
    [100, 9, 17, "RSpec/StubbedMock: Prefer `allow` over `expect` when configuring a response.", 507636028],
    [112, 9, 17, "RSpec/StubbedMock: Prefer `allow` over `expect` when configuring a response.", 507636028],
    [115, 9, 17, "RSpec/StubbedMock: Prefer `allow` over `expect` when configuring a response.", 507636028],
    [131, 9, 17, "RSpec/StubbedMock: Prefer `allow` over `expect` when configuring a response.", 507636028],
    [136, 33, 3, "RSpec/BeEql: Prefer `be` over `eql`.", 193405885],
    [148, 9, 35, "RSpec/StubbedMock: Prefer `allow` over `expect` when configuring a response.", 389807891],
    [160, 9, 35, "RSpec/StubbedMock: Prefer `allow` over `expect` when configuring a response.", 389807891],
    [163, 9, 35, "RSpec/StubbedMock: Prefer `allow` over `expect` when configuring a response.", 389807891],
    [179, 9, 35, "RSpec/StubbedMock: Prefer `allow` over `expect` when configuring a response.", 389807891],
    [184, 33, 3, "RSpec/BeEql: Prefer `be` over `eql`.", 193405885]
  ],
  "spec/resque-lonely_job/version_spec.rb:2407814440": [
    [4, 1, 50, "RSpec/SpecFilePathFormat: Spec path should end with `resque/plugins/lonely_job/version*_spec.rb`.", 1045099790]
  ]
}
