{
  "Rakefile:2832110540": [
    [167, 1, 16, "Rake/Desc: Describe the task with `desc` method.", 850263259]
  ],
  "resque-lonely_job.gemspec:4250795153": [
    [181, 3, 44, "Gemspec/DependencyVersion: Dependency version specification is required.", 1772526191],
    [183, 3, 41, "Gemspec/DependencyVersion: Dependency version specification is required.", 3258055162]
  ],
  "spec/lib/lonely_job_spec.rb:36499206": [
    [25, 1, 35, "RSpec/SpecFilePathFormat: Spec path should end with `resque/plugins/lonely_job*_spec.rb`.", 1516950445],
    [32, 45, 3, "RSpec/BeEql: Prefer `be` over `eql`.", 193405885],
    [37, 45, 3, "RSpec/BeEql: Prefer `be` over `eql`.", 193405885],
    [43, 58, 3, "RSpec/BeEql: Prefer `be` over `eql`.", 193405885],
    [47, 58, 3, "RSpec/BeEql: Prefer `be` over `eql`.", 193405885],
    [48, 58, 3, "RSpec/BeEql: Prefer `be` over `eql`.", 193405885],
    [52, 58, 3, "RSpec/BeEql: Prefer `be` over `eql`.", 193405885],
    [54, 60, 3, "RSpec/BeEql: Prefer `be` over `eql`.", 193405885],
    [59, 58, 3, "RSpec/BeEql: Prefer `be` over `eql`.", 193405885],
    [62, 60, 3, "RSpec/BeEql: Prefer `be` over `eql`.", 193405885],
    [67, 58, 3, "RSpec/BeEql: Prefer `be` over `eql`.", 193405885],
    [71, 11, 10, "ThreadSafety/NewThread: Avoid starting new threads.", 3411682361],
    [81, 38, 3, "RSpec/BeEql: Prefer `be` over `eql`.", 193405885],
    [96, 9, 17, "RSpec/StubbedMock: Prefer `allow` over `expect` when configuring a response.", 507636028],
    [108, 9, 17, "RSpec/StubbedMock: Prefer `allow` over `expect` when configuring a response.", 507636028],
    [111, 9, 17, "RSpec/StubbedMock: Prefer `allow` over `expect` when configuring a response.", 507636028],
    [127, 9, 17, "RSpec/StubbedMock: Prefer `allow` over `expect` when configuring a response.", 507636028],
    [132, 33, 3, "RSpec/BeEql: Prefer `be` over `eql`.", 193405885],
    [144, 9, 35, "RSpec/StubbedMock: Prefer `allow` over `expect` when configuring a response.", 389807891],
    [156, 9, 35, "RSpec/StubbedMock: Prefer `allow` over `expect` when configuring a response.", 389807891],
    [159, 9, 35, "RSpec/StubbedMock: Prefer `allow` over `expect` when configuring a response.", 389807891],
    [175, 9, 35, "RSpec/StubbedMock: Prefer `allow` over `expect` when configuring a response.", 389807891],
    [180, 33, 3, "RSpec/BeEql: Prefer `be` over `eql`.", 193405885]
  ],
  "spec/resque-lonely_job/version_spec.rb:2407814440": [
    [4, 1, 50, "RSpec/SpecFilePathFormat: Spec path should end with `resque/plugins/lonely_job/version*_spec.rb`.", 1045099790]
  ]
}
